
Microsoft Visual Studio Solution File, Format Version 12.00
# Visual Studio Version 17
VisualStudioVersion = 17.9.34607.119
MinimumVisualStudioVersion = 10.0.40219.1
Project("{FAE04EC0-301F-11D3-BF4B-00C04F79EFBC}") = "Restromanager.Backend", "Restromanager.Backend\Restromanager.Backend.csproj", "{EBB0506C-E8FA-47B3-B847-8D467C44777E}"
EndProject
Global
	GlobalSection(SolutionConfigurationPlatforms) = preSolution
		Debug|Any CPU = Debug|Any CPU
		Release|Any CPU = Release|Any CPU
	EndGlobalSection
	GlobalSection(ProjectConfigurationPlatforms) = postSolution
		{EBB0506C-E8FA-47B3-B847-8D467C44777E}.Debug|Any CPU.ActiveCfg = Debug|Any CPU
		{EBB0506C-E8FA-47B3-B847-8D467C44777E}.Debug|Any CPU.Build.0 = Debug|Any CPU
		{EBB0506C-E8FA-47B3-B847-8D467C44777E}.Release|Any CPU.ActiveCfg = Release|Any CPU
		{EBB0506C-E8FA-47B3-B847-8D467C44777E}.Release|Any CPU.Build.0 = Release|Any CPU
	EndGlobalSection
	GlobalSection(SolutionProperties) = preSolution
		HideSolutionNode = FALSE
	EndGlobalSection
	GlobalSection(ExtensibilityGlobals) = postSolution
		SolutionGuid = {C8A79745-6240-44DF-B03A-A4D425E50E99}
	EndGlobalSection
EndGlobal
